// !$*UTF8*$!
{
	archiveVersion = 1;
	classes = {
	};
	objectVersion = 46;
	objects = {

/* Begin PBXBuildFile section */
		094A97841C4AD7CC00EDA70D /* AppDelegate.swift in Sources */ = {isa = PBXBuildFile; fileRef = 094A97831C4AD7CC00EDA70D /* AppDelegate.swift */; };
		094A97861C4AD7CC00EDA70D /* ViewController.swift in Sources */ = {isa = PBXBuildFile; fileRef = 094A97851C4AD7CC00EDA70D /* ViewController.swift */; };
		094A97891C4AD7CC00EDA70D /* Main.storyboard in Resources */ = {isa = PBXBuildFile; fileRef = 094A97871C4AD7CC00EDA70D /* Main.storyboard */; };
		094A978B1C4AD7CC00EDA70D /* Assets.xcassets in Resources */ = {isa = PBXBuildFile; fileRef = 094A978A1C4AD7CC00EDA70D /* Assets.xcassets */; };
		094A978E1C4AD7CC00EDA70D /* LaunchScreen.storyboard in Resources */ = {isa = PBXBuildFile; fileRef = 094A978C1C4AD7CC00EDA70D /* LaunchScreen.storyboard */; };
/* End PBXBuildFile section */

/* Begin PBXFileReference section */
		094A97801C4AD7CC00EDA70D /* SuperCool.app */ = {isa = PBXFileReference; explicitFileType = wrapper.application; includeInIndex = 0; path = SuperCool.app; sourceTree = BUILT_PRODUCTS_DIR; };
		094A97831C4AD7CC00EDA70D /* AppDelegate.swift */ = {isa = PBXFileReference; lastKnownFileType = sourcecode.swift; path = AppDelegate.swift; sourceTree = "<group>"; };
		094A97851C4AD7CC00EDA70D /* ViewController.swift */ = {isa = PBXFileReference; lastKnownFileType = sourcecode.swift; path = ViewController.swift; sourceTree = "<group>"; };
		094A97881C4AD7CC00EDA70D /* Base */ = {isa = PBXFileReference; lastKnownFileType = file.storyboard; name = Base; path = Base.lproj/Main.storyboard; sourceTree = "<group>"; };
		094A978A1C4AD7CC00EDA70D /* Assets.xcassets */ = {isa = PBXFileReference; lastKnownFileType = folder.assetcatalog; path = Assets.xcassets; sourceTree = "<group>"; };
		094A978D1C4AD7CC00EDA70D /* Base */ = {isa = PBXFileReference; lastKnownFileType = file.storyboard; name = Base; path = Base.lproj/LaunchScreen.storyboard; sourceTree = "<group>"; };
		094A978F1C4AD7CC00EDA70D /* Info.plist */ = {isa = PBXFileReference; lastKnownFileType = text.plist.xml; path = Info.plist; sourceTree = "<group>"; };
/* End PBXFileReference section */

/* Begin PBXFrameworksBuildPhase section */
		094A977D1C4AD7CC00EDA70D /* Frameworks */ = {
			isa = PBXFrameworksBuildPhase;
			buildActionMask = 2147483647;
			files = (
			);
			runOnlyForDeploymentPostprocessing = 0;
		};
/* End PBXFrameworksBuildPhase section */

/* Begin PBXGroup section */
		094A97771C4AD7CC00EDA70D = {
			isa = PBXGroup;
			children = (
				094A97821C4AD7CC00EDA70D /* SuperCool */,
				094A97811C4AD7CC00EDA70D /* Products */,
			);
			sourceTree = "<group>";
		};
		094A97811C4AD7CC00EDA70D /* Products */ = {
			isa = PBXGroup;
			children = (
				094A97801C4AD7CC00EDA70D /* SuperCool.app */,
			);
			name = Products;
			sourceTree = "<group>";
		};
		094A97821C4AD7CC00EDA70D /* SuperCool */ = {
			isa = PBXGroup;
			children = (
				094A97831C4AD7CC00EDA70D /* AppDelegate.swift */,
				094A97851C4AD7CC00EDA70D /* ViewController.swift */,
				094A97871C4AD7CC00EDA70D /* Main.storyboard */,
				094A978A1C4AD7CC00EDA70D /* Assets.xcassets */,
				094A978C1C4AD7CC00EDA70D /* LaunchScreen.storyboard */,
				094A978F1C4AD7CC00EDA70D /* Info.plist */,
			);
			path = SuperCool;
			sourceTree = "<group>";
		};
/* End PBXGroup section */

/* Begin PBXNativeTarget section */
		094A977F1C4AD7CC00EDA70D /* SuperCool */ = {
			isa = PBXNativeTarget;
			buildConfigurationList = 094A97921C4AD7CC00EDA70D /* Build configuration list for PBXNativeTarget "SuperCool" */;
			buildPhases = (
				094A977C1C4AD7CC00EDA70D /* Sources */,
				094A977D1C4AD7CC00EDA70D /* Frameworks */,
				094A977E1C4AD7CC00EDA70D /* Resources */,
			);
			buildRules = (
			);
			dependencies = (
			);
			name = SuperCool;
			productName = SuperCool;
			productReference = 094A97801C4AD7CC00EDA70D /* SuperCool.app */;
			productType = "com.apple.product-type.application";
		};
/* End PBXNativeTarget section */

/* Begin PBXProject section */
		094A97781C4AD7CC00EDA70D /* Project object */ = {
			isa = PBXProject;
			attributes = {
				LastSwiftUpdateCheck = 0730;
				LastUpgradeCheck = 0730;
				ORGANIZATIONNAME = TME;
				TargetAttributes = {
					094A977F1C4AD7CC00EDA70D = {
						CreatedOnToolsVersion = 7.3;
					};
				};
			};
			buildConfigurationList = 094A977B1C4AD7CC00EDA70D /* Build configuration list for PBXProject "SuperCool" */;
			compatibilityVersion = "Xcode 3.2";
			developmentRegion = English;
			hasScannedForEncodings = 0;
			knownRegions = (
				en,
				Base,
			);
			mainGroup = 094A97771C4AD7CC00EDA70D;
			productRefGroup = 094A97811C4AD7CC00EDA70D /* Products */;
			projectDirPath = "";
			projectRoot = "";
			targets = (
				094A977F1C4AD7CC00EDA70D /* SuperCool */,
			);
		};
/* End PBXProject section */

/* Begin PBXResourcesBuildPhase section */
		094A977E1C4AD7CC00EDA70D /* Resources */ = {
			isa = PBXResourcesBuildPhase;
			buildActionMask = 2147483647;
			files = (
				094A978E1C4AD7CC00EDA70D /* LaunchScreen.storyboard in Resources */,
				094A978B1C4AD7CC00EDA70D /* Assets.xcassets in Resources */,
				094A97891C4AD7CC00EDA70D /* Main.storyboard in Resources */,
			);
			runOnlyForDeploymentPostprocessing = 0;
		};
/* End PBXResourcesBuildPhase section */

/* Begin PBXSourcesBuildPhase section */
		094A977C1C4AD7CC00EDA70D /* Sources */ = {
			isa = PBXSourcesBuildPhase;
			buildActionMask = 2147483647;
			files = (
				094A97861C4AD7CC00EDA70D /* ViewController.swift in Sources */,
				094A97841C4AD7CC00EDA70D /* AppDelegate.swift in Sources */,
			);
			runOnlyForDeploymentPostprocessing = 0;
		};
/* End PBXSourcesBuildPhase section */

/* Begin PBXVariantGroup section */
		094A97871C4AD7CC00EDA70D /* Main.storyboard */ = {
			isa = PBXVariantGroup;
			children = (
				094A97881C4AD7CC00EDA70D /* Base */,
			);
			name = Main.storyboard;
			sourceTree = "<group>";
		};
		094A978C1C4AD7CC00EDA70D /* LaunchScreen.storyboard */ = {
			isa = PBXVariantGroup;
			children = (
				094A978D1C4AD7CC00EDA70D /* Base */,
			);
			name = LaunchScreen.storyboard;
			sourceTree = "<group>";
		};
/* End PBXVariantGroup section */

/* Begin XCBuildConfiguration section */
		094A97901C4AD7CC00EDA70D /* Debug */ = {
			isa = XCBuildConfiguration;
			buildSettings = {
				ALWAYS_SEARCH_USER_PATHS = NO;
				CLANG_CXX_LANGUAGE_STANDARD = "gnu++0x";
				CLANG_CXX_LIBRARY = "libc++";
				CLANG_ENABLE_MODULES = YES;
				CLANG_ENABLE_OBJC_ARC = YES;
				CLANG_WARN_BOOL_CONVERSION = YES;
				CLANG_WARN_CONSTANT_CONVERSION = YES;
				CLANG_WARN_DIRECT_OBJC_ISA_USAGE = YES_ERROR;
				CLANG_WARN_EMPTY_BODY = YES;
				CLANG_WARN_ENUM_CONVERSION = YES;
				CLANG_WARN_INT_CONVERSION = YES;
				CLANG_WARN_OBJC_ROOT_CLASS = YES_ERROR;
				CLANG_WARN_UNREACHABLE_CODE = YES;
				CLANG_WARN__DUPLICATE_METHOD_MATCH = YES;
				"CODE_SIGN_IDENTITY[sdk=iphoneos*]" = "iPhone Developer";
				COPY_PHASE_STRIP = NO;
				DEBUG_INFORMATION_FORMAT = dwarf;
				ENABLE_STRICT_OBJC_MSGSEND = YES;
				ENABLE_TESTABILITY = YES;
				GCC_C_LANGUAGE_STANDARD = gnu99;
				GCC_DYNAMIC_NO_PIC = NO;
				GCC_NO_COMMON_BLOCKS = YES;
				GCC_OPTIMIZATION_LEVEL = 0;
				GCC_PREPROCESSOR_DEFINITIONS = (
					"DEBUG=1",
					"$(inherited)",
				);
				GCC_WARN_64_TO_32_BIT_CONVERSION = YES;
				GCC_WARN_ABOUT_RETURN_TYPE = YES_ERROR;
				GCC_WARN_UNDECLARED_SELECTOR = YES;
				GCC_WARN_UNINITIALIZED_AUTOS = YES_AGGRESSIVE;
				GCC_WARN_UNUSED_FUNCTION = YES;
				GCC_WARN_UNUSED_VARIABLE = YES;
				IPHONEOS_DEPLOYMENT_TARGET = 9.3;
				MTL_ENABLE_DEBUG_INFO = YES;
				ONLY_ACTIVE_ARCH = YES;
				SDKROOT = iphoneos;
				SWIFT_OPTIMIZATION_LEVEL = "-Onone";
				TARGETED_DEVICE_FAMILY = "1,2";
			};
			name = Debug;
		};
		094A97911C4AD7CC00EDA70D /* Release */ = {
			isa = XCBuildConfiguration;
			buildSettings = {
				ALWAYS_SEARCH_USER_PATHS = NO;
				CLANG_CXX_LANGUAGE_STANDARD = "gnu++0x";
				CLANG_CXX_LIBRARY = "libc++";
				CLANG_ENABLE_MODULES = YES;
				CLANG_ENABLE_OBJC_ARC = YES;
				CLANG_WARN_BOOL_CONVERSION = YES;
				CLANG_WARN_CONSTANT_CONVERSION = YES;
				CLANG_WARN_DIRECT_OBJC_ISA_USAGE = YES_ERROR;
				CLANG_WARN_EMPTY_BODY = YES;
				CLANG_WARN_ENUM_CONVERSION = YES;
				CLANG_WARN_INT_CONVERSION = YES;
				CLANG_WARN_OBJC_ROOT_CLASS = YES_ERROR;
				CLANG_WARN_UNREACHABLE_CODE = YES;
				CLANG_WARN__DUPLICATE_METHOD_MATCH = YES;
				"CODE_SIGN_IDENTITY[sdk=iphoneos*]" = "iPhone Developer";
				COPY_PHASE_STRIP = NO;
				DEBUG_INFORMATION_FORMAT = "dwarf-with-dsym";
				ENABLE_NS_ASSERTIONS = NO;
				ENABLE_STRICT_OBJC_MSGSEND = YES;
				GCC_C_LANGUAGE_STANDARD = gnu99;
				GCC_NO_COMMON_BLOCKS = YES;
				GCC_WARN_64_TO_32_BIT_CONVERSION = YES;
				GCC_WARN_ABOUT_RETURN_TYPE = YES_ERROR;
				GCC_WARN_UNDECLARED_SELECTOR = YES;
				GCC_WARN_UNINITIALIZED_AUTOS = YES_AGGRESSIVE;
				GCC_WARN_UNUSED_FUNCTION = YES;
				GCC_WARN_UNUSED_VARIABLE = YES;
				IPHONEOS_DEPLOYMENT_TARGET = 9.3;
				MTL_ENABLE_DEBUG_INFO = NO;
				SDKROOT = iphoneos;
				TARGETED_DEVICE_FAMILY = "1,2";
				VALIDATE_PRODUCT = YES;
			};
			name = Release;
		};
		094A97931C4AD7CC00EDA70D /* Debug */ = {
			isa = XCBuildConfiguration;
			buildSettings = {
				ASSETCATALOG_COMPILER_APPICON_NAME = AppIcon;
				INFOPLIST_FILE = SuperCool/Info.plist;
				LD_RUNPATH_SEARCH_PATHS = "$(inherited) @executable_path/Frameworks";
				PRODUCT_BUNDLE_IDENTIFIER = com.TME.SuperCool;
				PRODUCT_NAME = "$(TARGET_NAME)";
			};
			name = Debug;
		};
		094A97941C4AD7CC00EDA70D /* Release */ = {
			isa = XCBuildConfiguration;
			buildSettings = {
				ASSETCATALOG_COMPILER_APPICON_NAME = AppIcon;
				INFOPLIST_FILE = SuperCool/Info.plist;
				LD_RUNPATH_SEARCH_PATHS = "$(inherited) @executable_path/Frameworks";
				PRODUCT_BUNDLE_IDENTIFIER = com.TME.SuperCool;
				PRODUCT_NAME = "$(TARGET_NAME)";
			};
			name = Release;
		};
/* End XCBuildConfiguration section */

/* Begin XCConfigurationList section */
		094A977B1C4AD7CC00EDA70D /* Build configuration list for PBXProject "SuperCool" */ = {
			isa = XCConfigurationList;
			buildConfigurations = (
				094A97901C4AD7CC00EDA70D /* Debug */,
				094A97911C4AD7CC00EDA70D /* Release */,
			);
			defaultConfigurationIsVisible = 0;
			defaultConfigurationName = Release;
		};
		094A97921C4AD7CC00EDA70D /* Build configuration list for PBXNativeTarget "SuperCool" */ = {
			isa = XCConfigurationList;
			buildConfigurations = (
				094A97931C4AD7CC00EDA70D /* Debug */,
				094A97941C4AD7CC00EDA70D /* Release */,
			);
			defaultConfigurationIsVisible = 0;
		};
/* End XCConfigurationList section */
	};
	rootObject = 094A97781C4AD7CC00EDA70D /* Project object */;
}
